{
  "name": "@lerna-best/utils",
  "version": "1.0.3",
  "lockfileVersion": 1,
  "requires": true,
  "dependencies": {
    "@leslie0403/utils": {
      "version": "1.0.5",
      "resolved": "https://registry.npmjs.org/@leslie0403/utils/-/utils-1.0.5.tgz",
      "integrity": "sha512-zXl3cDs0psqq6Z8nMA6cbqwIDZ7UgHh0/Thm30RD8OdIzLG9dqSoNeUNzDz3QRSV/xvgv75ktQT7O+UUFbwamQ=="
    }
  }
}
